<?xml version="1.0" encoding="utf-8"?>
<Project ToolsVersion="4.0" xmlns="http://schemas.microsoft.com/developer/msbuild/2003">
  <ItemGroup>
    <Filter Include="Headers">
      <UniqueIdentifier>{6c97aa3a-ed96-444d-81b2-be573adb8b61}</UniqueIdentifier>
    </Filter>
    <Filter Include="Source">
      <UniqueIdentifier>{724cd0d5-22da-4129-afe7-b28b31919f55}</UniqueIdentifier>
    </Filter>
  </ItemGroup>
  <ItemGroup>
    <ClInclude Include="common.cuh">
      <Filter>Headers</Filter>
    </ClInclude>
    <ClInclude Include="Linear Algebra.h">
      <Filter>Headers</Filter>
    </ClInclude>
  </ItemGroup>
  <ItemGroup>
    <CudaCompile Include="common.cu">
      <Filter>Source</Filter>
    </CudaCompile>
    <CudaCompile Include="matrix-ops.cu">
      <Filter>Source</Filter>
    </CudaCompile>
    <CudaCompile Include="vector-ops.cu">
      <Filter>Source</Filter>
    </CudaCompile>
  </ItemGroup>
  <ItemGroup>
    <ClCompile Include="Linear Algebra.cpp">
      <Filter>Source</Filter>
    </ClCompile>
    <ClCompile Include="matrix-ops.cpp">
      <Filter>Source</Filter>
    </ClCompile>
    <ClCompile Include="vector-ops.cpp">
      <Filter>Source</Filter>
    </ClCompile>
  </ItemGroup>
</Project>